
Microsoft Visual Studio Solution File, Format Version 12.00
# Visual Studio 15
VisualStudioVersion = 15.0.27428.2043
MinimumVisualStudioVersion = 10.0.40219.1
Project("{9A19103F-16F7-4668-BE54-9A1E7A4F7556}") = "Jddb.Web", "Jddb.Web\Jddb.Web.csproj", "{A5A3A2A1-E76C-4822-B24D-27AF4D973C41}"
EndProject
Project("{9A19103F-16F7-4668-BE54-9A1E7A4F7556}") = "Jddb.Core", "Jddb.Core\Jddb.Core.csproj", "{41E19C99-99AA-46F2-8904-8D118C7E54B8}"
EndProject
Project("{9A19103F-16F7-4668-BE54-9A1E7A4F7556}") = "Jddb.Service", "Jddb.Service\Jddb.Service.csproj", "{9E7FE085-9748-41F9-A33F-9AACDC7393FE}"
EndProject
Project("{9A19103F-16F7-4668-BE54-9A1E7A4F7556}") = "CommonHelper", "CommonHelper\CommonHelper.csproj", "{C5E068A7-3EEB-4A70-98A8-91F96D2C1BE1}"
EndProject
Global
	GlobalSection(SolutionConfigurationPlatforms) = preSolution
		Debug|Any CPU = Debug|Any CPU
		Release|Any CPU = Release|Any CPU
	EndGlobalSection
	GlobalSection(ProjectConfigurationPlatforms) = postSolution
		{A5A3A2A1-E76C-4822-B24D-27AF4D973C41}.Debug|Any CPU.ActiveCfg = Debug|Any CPU
		{A5A3A2A1-E76C-4822-B24D-27AF4D973C41}.Debug|Any CPU.Build.0 = Debug|Any CPU
		{A5A3A2A1-E76C-4822-B24D-27AF4D973C41}.Release|Any CPU.ActiveCfg = Release|Any CPU
		{A5A3A2A1-E76C-4822-B24D-27AF4D973C41}.Release|Any CPU.Build.0 = Release|Any CPU
		{41E19C99-99AA-46F2-8904-8D118C7E54B8}.Debug|Any CPU.ActiveCfg = Debug|Any CPU
		{41E19C99-99AA-46F2-8904-8D118C7E54B8}.Debug|Any CPU.Build.0 = Debug|Any CPU
		{41E19C99-99AA-46F2-8904-8D118C7E54B8}.Release|Any CPU.ActiveCfg = Release|Any CPU
		{41E19C99-99AA-46F2-8904-8D118C7E54B8}.Release|Any CPU.Build.0 = Release|Any CPU
		{9E7FE085-9748-41F9-A33F-9AACDC7393FE}.Debug|Any CPU.ActiveCfg = Debug|Any CPU
		{9E7FE085-9748-41F9-A33F-9AACDC7393FE}.Debug|Any CPU.Build.0 = Debug|Any CPU
		{9E7FE085-9748-41F9-A33F-9AACDC7393FE}.Release|Any CPU.ActiveCfg = Release|Any CPU
		{9E7FE085-9748-41F9-A33F-9AACDC7393FE}.Release|Any CPU.Build.0 = Release|Any CPU
		{C5E068A7-3EEB-4A70-98A8-91F96D2C1BE1}.Debug|Any CPU.ActiveCfg = Debug|Any CPU
		{C5E068A7-3EEB-4A70-98A8-91F96D2C1BE1}.Debug|Any CPU.Build.0 = Debug|Any CPU
		{C5E068A7-3EEB-4A70-98A8-91F96D2C1BE1}.Release|Any CPU.ActiveCfg = Release|Any CPU
		{C5E068A7-3EEB-4A70-98A8-91F96D2C1BE1}.Release|Any CPU.Build.0 = Release|Any CPU
	EndGlobalSection
	GlobalSection(SolutionProperties) = preSolution
		HideSolutionNode = FALSE
	EndGlobalSection
	GlobalSection(ExtensibilityGlobals) = postSolution
		SolutionGuid = {48426038-78B4-4644-8F3F-B185CFE3BC09}
	EndGlobalSection
EndGlobal
